
Microsoft Visual Studio Solution File, Format Version 12.00
# Visual Studio Version 17
VisualStudioVersion = 17.6.33829.357
MinimumVisualStudioVersion = 10.0.40219.1
Project("{FAE04EC0-301F-11D3-BF4B-00C04F79EFBC}") = "Order.API", "Order.API\Order.API.csproj", "{D3FA4E14-FAFA-48C2-A7D8-8EA0DD36544C}"
EndProject
Project("{FAE04EC0-301F-11D3-BF4B-00C04F79EFBC}") = "Order.DataAccess", "Order.DataAccess\Order.DataAccess.csproj", "{F85BC07B-2E29-4839-A2E1-37E79A874B1C}"
EndProject
Global
	GlobalSection(SolutionConfigurationPlatforms) = preSolution
		Debug|Any CPU = Debug|Any CPU
		Release|Any CPU = Release|Any CPU
	EndGlobalSection
	GlobalSection(ProjectConfigurationPlatforms) = postSolution
		{D3FA4E14-FAFA-48C2-A7D8-8EA0DD36544C}.Debug|Any CPU.ActiveCfg = Debug|Any CPU
		{D3FA4E14-FAFA-48C2-A7D8-8EA0DD36544C}.Debug|Any CPU.Build.0 = Debug|Any CPU
		{D3FA4E14-FAFA-48C2-A7D8-8EA0DD36544C}.Release|Any CPU.ActiveCfg = Release|Any CPU
		{D3FA4E14-FAFA-48C2-A7D8-8EA0DD36544C}.Release|Any CPU.Build.0 = Release|Any CPU
		{F85BC07B-2E29-4839-A2E1-37E79A874B1C}.Debug|Any CPU.ActiveCfg = Debug|Any CPU
		{F85BC07B-2E29-4839-A2E1-37E79A874B1C}.Debug|Any CPU.Build.0 = Debug|Any CPU
		{F85BC07B-2E29-4839-A2E1-37E79A874B1C}.Release|Any CPU.ActiveCfg = Release|Any CPU
		{F85BC07B-2E29-4839-A2E1-37E79A874B1C}.Release|Any CPU.Build.0 = Release|Any CPU
	EndGlobalSection
	GlobalSection(SolutionProperties) = preSolution
		HideSolutionNode = FALSE
	EndGlobalSection
	GlobalSection(ExtensibilityGlobals) = postSolution
		SolutionGuid = {DAE7B460-9DF9-47B3-9C6F-8F274708AA99}
	EndGlobalSection
EndGlobal
